github.com/ituoga/salt v0.0.0-20230902182536-348117117209 h1:Gl9SmjAhKK3uEhbZDjWalgoAGKHwJqFxkMO8dMGSwlg=
github.com/ituoga/salt v0.0.0-20230902182536-348117117209/go.mod h1:ysFTsIwK6HVl3Jfn+xzh8R2lXYBIUx1HqfwduL/Lp8w=
github.com/ituoga/salt-plugin-skel v0.0.0-20230902182944-b96d13aa71c1 h1:Tx6Y59g7ot8umWaV7zwbNpu2EgiLaGIrbpUK0ys3gWY=
github.com/ituoga/salt-plugin-skel v0.0.0-20230902182944-b96d13aa71c1/go.mod h1:p4XymwqvOpbYfRQaV5a/raKb/nPQMRFzmSEzo33LTNw=
github.com/klauspost/compress v1.16.5 h1:IFV2oUNUzZaz+XyusxpLzpzS8Pt5rh0Z16For/djlyI=
github.com/klauspost/compress v1.16.5/go.mod h1:ntbaceVETuRiXiv4DpjP66DpAtAGkEQskQzEyD//IeE=
github.com/nats-io/nats.go v1.28.0 h1:Th4G6zdsz2d0OqXdfzKLClo6bOfoI/b1kInhRtFIy5c=
github.com/nats-io/nats.go v1.28.0/go.mod h1:XpbWUlOElGwTYbMR7imivs7jJj9GtK7ypv321Wp6pjc=
github.com/nats-io/nkeys v0.4.4 h1:xvBJ8d69TznjcQl9t6//Q5xXuVhyYiSos6RPtvQNTwA=
github.com/nats-io/nkeys v0.4.4/go.mod h1:XUkxdLPTufzlihbamfzQ7mw/VGx6ObUs+0bN5sNvt64=
github.com/nats-io/nuid v1.0.1 h1:5iA8DT8V7q8WK2EScv2padNa/rTESc1KdnPw4TC2paw=
github.com/nats-io/nuid v1.0.1/go.mod h1:19wcPz3Ph3q0Jbyiqsd0kePYG7A95tJPxeL+1OSON2c=
github.com/pkg/errors v0.9.1 h1:FEBLx1zS214owpjy7qsBeixbURkuhQAwrK5UwLGTwt4=
github.com/pkg/errors v0.9.1/go.mod h1:bwawxfHBFNV+L2hUp1rHADufV3IMtnDRdf1r5NINEl0=
golang.org/x/crypto v0.12.0 h1:tFM/ta59kqch6LlvYnPa0yx5a83cL2nHflFhYKvv9Yk=
golang.org/x/crypto v0.12.0/go.mod h1:NF0Gs7EO5K4qLn+Ylc+fih8BSTeIjAP05siRnAh98yw=
golang.org/x/sys v0.11.0 h1:eG7RXZHdqOJ1i+0lgLgCpSXAp6M3LYlAo6osgSi0xOM=
golang.org/x/sys v0.11.0/go.mod h1:oPkhp1MJrh7nUepCBck5+mAzfO9JrbApNNgaTdGDITg=
